// !$*UTF8*$!
{
	archiveVersion = 1;
	classes = {
	};
	objectVersion = 56;
	objects = {

/* Begin PBXBuildFile section */
		6373ACE32A5C4530006162F7 /* AppDelegate.swift in Sources */ = {isa = PBXBuildFile; fileRef = 6373ACE22A5C4530006162F7 /* AppDelegate.swift */; };
		6373ACE52A5C4530006162F7 /* SceneDelegate.swift in Sources */ = {isa = PBXBuildFile; fileRef = 6373ACE42A5C4530006162F7 /* SceneDelegate.swift */; };
		6373ACE72A5C4530006162F7 /* ViewController.swift in Sources */ = {isa = PBXBuildFile; fileRef = 6373ACE62A5C4530006162F7 /* ViewController.swift */; };
		6373ACEA2A5C4530006162F7 /* Main.storyboard in Resources */ = {isa = PBXBuildFile; fileRef = 6373ACE82A5C4530006162F7 /* Main.storyboard */; };
		6373ACEC2A5C4531006162F7 /* Assets.xcassets in Resources */ = {isa = PBXBuildFile; fileRef = 6373ACEB2A5C4531006162F7 /* Assets.xcassets */; };
		6373ACEF2A5C4531006162F7 /* LaunchScreen.storyboard in Resources */ = {isa = PBXBuildFile; fileRef = 6373ACED2A5C4531006162F7 /* LaunchScreen.storyboard */; };
		6373ACFA2A5C4532006162F7 /* Soporte_GitHub_HelloWord_ancabdiaTests.swift in Sources */ = {isa = PBXBuildFile; fileRef = 6373ACF92A5C4532006162F7 /* Soporte_GitHub_HelloWord_ancabdiaTests.swift */; };
		6373AD042A5C4532006162F7 /* Soporte_GitHub_HelloWord_ancabdiaUITests.swift in Sources */ = {isa = PBXBuildFile; fileRef = 6373AD032A5C4532006162F7 /* Soporte_GitHub_HelloWord_ancabdiaUITests.swift */; };
		6373AD062A5C4532006162F7 /* Soporte_GitHub_HelloWord_ancabdiaUITestsLaunchTests.swift in Sources */ = {isa = PBXBuildFile; fileRef = 6373AD052A5C4532006162F7 /* Soporte_GitHub_HelloWord_ancabdiaUITestsLaunchTests.swift */; };
/* End PBXBuildFile section */

/* Begin PBXContainerItemProxy section */
		6373ACF62A5C4532006162F7 /* PBXContainerItemProxy */ = {
			isa = PBXContainerItemProxy;
			containerPortal = 6373ACD72A5C4530006162F7 /* Project object */;
			proxyType = 1;
			remoteGlobalIDString = 6373ACDE2A5C4530006162F7;
			remoteInfo = "Soporte-GitHub-HelloWord-ancabdia";
		};
		6373AD002A5C4532006162F7 /* PBXContainerItemProxy */ = {
			isa = PBXContainerItemProxy;
			containerPortal = 6373ACD72A5C4530006162F7 /* Project object */;
			proxyType = 1;
			remoteGlobalIDString = 6373ACDE2A5C4530006162F7;
			remoteInfo = "Soporte-GitHub-HelloWord-ancabdia";
		};
/* End PBXContainerItemProxy section */

/* Begin PBXFileReference section */
		6373ACDF2A5C4530006162F7 /* Soporte-GitHub-HelloWord-ancabdia.app */ = {isa = PBXFileReference; explicitFileType = wrapper.application; includeInIndex = 0; path = "Soporte-GitHub-HelloWord-ancabdia.app"; sourceTree = BUILT_PRODUCTS_DIR; };
		6373ACE22A5C4530006162F7 /* AppDelegate.swift */ = {isa = PBXFileReference; lastKnownFileType = sourcecode.swift; path = AppDelegate.swift; sourceTree = "<group>"; };
		6373ACE42A5C4530006162F7 /* SceneDelegate.swift */ = {isa = PBXFileReference; lastKnownFileType = sourcecode.swift; path = SceneDelegate.swift; sourceTree = "<group>"; };
		6373ACE62A5C4530006162F7 /* ViewController.swift */ = {isa = PBXFileReference; lastKnownFileType = sourcecode.swift; path = ViewController.swift; sourceTree = "<group>"; };
		6373ACE92A5C4530006162F7 /* Base */ = {isa = PBXFileReference; lastKnownFileType = file.storyboard; name = Base; path = Base.lproj/Main.storyboard; sourceTree = "<group>"; };
		6373ACEB2A5C4531006162F7 /* Assets.xcassets */ = {isa = PBXFileReference; lastKnownFileType = folder.assetcatalog; path = Assets.xcassets; sourceTree = "<group>"; };
		6373ACEE2A5C4531006162F7 /* Base */ = {isa = PBXFileReference; lastKnownFileType = file.storyboard; name = Base; path = Base.lproj/LaunchScreen.storyboard; sourceTree = "<group>"; };
		6373ACF02A5C4531006162F7 /* Info.plist */ = {isa = PBXFileReference; lastKnownFileType = text.plist.xml; path = Info.plist; sourceTree = "<group>"; };
		6373ACF52A5C4532006162F7 /* Soporte-GitHub-HelloWord-ancabdiaTests.xctest */ = {isa = PBXFileReference; explicitFileType = wrapper.cfbundle; includeInIndex = 0; path = "Soporte-GitHub-HelloWord-ancabdiaTests.xctest"; sourceTree = BUILT_PRODUCTS_DIR; };
		6373ACF92A5C4532006162F7 /* Soporte_GitHub_HelloWord_ancabdiaTests.swift */ = {isa = PBXFileReference; lastKnownFileType = sourcecode.swift; path = Soporte_GitHub_HelloWord_ancabdiaTests.swift; sourceTree = "<group>"; };
		6373ACFF2A5C4532006162F7 /* Soporte-GitHub-HelloWord-ancabdiaUITests.xctest */ = {isa = PBXFileReference; explicitFileType = wrapper.cfbundle; includeInIndex = 0; path = "Soporte-GitHub-HelloWord-ancabdiaUITests.xctest"; sourceTree = BUILT_PRODUCTS_DIR; };
		6373AD032A5C4532006162F7 /* Soporte_GitHub_HelloWord_ancabdiaUITests.swift */ = {isa = PBXFileReference; lastKnownFileType = sourcecode.swift; path = Soporte_GitHub_HelloWord_ancabdiaUITests.swift; sourceTree = "<group>"; };
		6373AD052A5C4532006162F7 /* Soporte_GitHub_HelloWord_ancabdiaUITestsLaunchTests.swift */ = {isa = PBXFileReference; lastKnownFileType = sourcecode.swift; path = Soporte_GitHub_HelloWord_ancabdiaUITestsLaunchTests.swift; sourceTree = "<group>"; };
/* End PBXFileReference section */

/* Begin PBXFrameworksBuildPhase section */
		6373ACDC2A5C4530006162F7 /* Frameworks */ = {
			isa = PBXFrameworksBuildPhase;
			buildActionMask = 2147483647;
			files = (
			);
			runOnlyForDeploymentPostprocessing = 0;
		};
		6373ACF22A5C4532006162F7 /* Frameworks */ = {
			isa = PBXFrameworksBuildPhase;
			buildActionMask = 2147483647;
			files = (
			);
			runOnlyForDeploymentPostprocessing = 0;
		};
		6373ACFC2A5C4532006162F7 /* Frameworks */ = {
			isa = PBXFrameworksBuildPhase;
			buildActionMask = 2147483647;
			files = (
			);
			runOnlyForDeploymentPostprocessing = 0;
		};
/* End PBXFrameworksBuildPhase section */

/* Begin PBXGroup section */
		6373ACD62A5C4530006162F7 = {
			isa = PBXGroup;
			children = (
				6373ACE12A5C4530006162F7 /* Soporte-GitHub-HelloWord-ancabdia */,
				6373ACF82A5C4532006162F7 /* Soporte-GitHub-HelloWord-ancabdiaTests */,
				6373AD022A5C4532006162F7 /* Soporte-GitHub-HelloWord-ancabdiaUITests */,
				6373ACE02A5C4530006162F7 /* Products */,
			);
			sourceTree = "<group>";
		};
		6373ACE02A5C4530006162F7 /* Products */ = {
			isa = PBXGroup;
			children = (
				6373ACDF2A5C4530006162F7 /* Soporte-GitHub-HelloWord-ancabdia.app */,
				6373ACF52A5C4532006162F7 /* Soporte-GitHub-HelloWord-ancabdiaTests.xctest */,
				6373ACFF2A5C4532006162F7 /* Soporte-GitHub-HelloWord-ancabdiaUITests.xctest */,
			);
			name = Products;
			sourceTree = "<group>";
		};
		6373ACE12A5C4530006162F7 /* Soporte-GitHub-HelloWord-ancabdia */ = {
			isa = PBXGroup;
			children = (
				6373ACE22A5C4530006162F7 /* AppDelegate.swift */,
				6373ACE42A5C4530006162F7 /* SceneDelegate.swift */,
				6373ACE62A5C4530006162F7 /* ViewController.swift */,
				6373ACE82A5C4530006162F7 /* Main.storyboard */,
				6373ACEB2A5C4531006162F7 /* Assets.xcassets */,
				6373ACED2A5C4531006162F7 /* LaunchScreen.storyboard */,
				6373ACF02A5C4531006162F7 /* Info.plist */,
			);
			path = "Soporte-GitHub-HelloWord-ancabdia";
			sourceTree = "<group>";
		};
		6373ACF82A5C4532006162F7 /* Soporte-GitHub-HelloWord-ancabdiaTests */ = {
			isa = PBXGroup;
			children = (
				6373ACF92A5C4532006162F7 /* Soporte_GitHub_HelloWord_ancabdiaTests.swift */,
			);
			path = "Soporte-GitHub-HelloWord-ancabdiaTests";
			sourceTree = "<group>";
		};
		6373AD022A5C4532006162F7 /* Soporte-GitHub-HelloWord-ancabdiaUITests */ = {
			isa = PBXGroup;
			children = (
				6373AD032A5C4532006162F7 /* Soporte_GitHub_HelloWord_ancabdiaUITests.swift */,
				6373AD052A5C4532006162F7 /* Soporte_GitHub_HelloWord_ancabdiaUITestsLaunchTests.swift */,
			);
			path = "Soporte-GitHub-HelloWord-ancabdiaUITests";
			sourceTree = "<group>";
		};
/* End PBXGroup section */

/* Begin PBXNativeTarget section */
		6373ACDE2A5C4530006162F7 /* Soporte-GitHub-HelloWord-ancabdia */ = {
			isa = PBXNativeTarget;
			buildConfigurationList = 6373AD092A5C4532006162F7 /* Build configuration list for PBXNativeTarget "Soporte-GitHub-HelloWord-ancabdia" */;
			buildPhases = (
				6373ACDB2A5C4530006162F7 /* Sources */,
				6373ACDC2A5C4530006162F7 /* Frameworks */,
				6373ACDD2A5C4530006162F7 /* Resources */,
			);
			buildRules = (
			);
			dependencies = (
			);
			name = "Soporte-GitHub-HelloWord-ancabdia";
			productName = "Soporte-GitHub-HelloWord-ancabdia";
			productReference = 6373ACDF2A5C4530006162F7 /* Soporte-GitHub-HelloWord-ancabdia.app */;
			productType = "com.apple.product-type.application";
		};
		6373ACF42A5C4532006162F7 /* Soporte-GitHub-HelloWord-ancabdiaTests */ = {
			isa = PBXNativeTarget;
			buildConfigurationList = 6373AD0C2A5C4532006162F7 /* Build configuration list for PBXNativeTarget "Soporte-GitHub-HelloWord-ancabdiaTests" */;
			buildPhases = (
				6373ACF12A5C4532006162F7 /* Sources */,
				6373ACF22A5C4532006162F7 /* Frameworks */,
				6373ACF32A5C4532006162F7 /* Resources */,
			);
			buildRules = (
			);
			dependencies = (
				6373ACF72A5C4532006162F7 /* PBXTargetDependency */,
			);
			name = "Soporte-GitHub-HelloWord-ancabdiaTests";
			productName = "Soporte-GitHub-HelloWord-ancabdiaTests";
			productReference = 6373ACF52A5C4532006162F7 /* Soporte-GitHub-HelloWord-ancabdiaTests.xctest */;
			productType = "com.apple.product-type.bundle.unit-test";
		};
		6373ACFE2A5C4532006162F7 /* Soporte-GitHub-HelloWord-ancabdiaUITests */ = {
			isa = PBXNativeTarget;
			buildConfigurationList = 6373AD0F2A5C4532006162F7 /* Build configuration list for PBXNativeTarget "Soporte-GitHub-HelloWord-ancabdiaUITests" */;
			buildPhases = (
				6373ACFB2A5C4532006162F7 /* Sources */,
				6373ACFC2A5C4532006162F7 /* Frameworks */,
				6373ACFD2A5C4532006162F7 /* Resources */,
			);
			buildRules = (
			);
			dependencies = (
				6373AD012A5C4532006162F7 /* PBXTargetDependency */,
			);
			name = "Soporte-GitHub-HelloWord-ancabdiaUITests";
			productName = "Soporte-GitHub-HelloWord-ancabdiaUITests";
			productReference = 6373ACFF2A5C4532006162F7 /* Soporte-GitHub-HelloWord-ancabdiaUITests.xctest */;
			productType = "com.apple.product-type.bundle.ui-testing";
		};
/* End PBXNativeTarget section */

/* Begin PBXProject section */
		6373ACD72A5C4530006162F7 /* Project object */ = {
			isa = PBXProject;
			attributes = {
				BuildIndependentTargetsInParallel = 1;
				LastSwiftUpdateCheck = 1430;
				LastUpgradeCheck = 1430;
				TargetAttributes = {
					6373ACDE2A5C4530006162F7 = {
						CreatedOnToolsVersion = 14.3.1;
					};
					6373ACF42A5C4532006162F7 = {
						CreatedOnToolsVersion = 14.3.1;
						TestTargetID = 6373ACDE2A5C4530006162F7;
					};
					6373ACFE2A5C4532006162F7 = {
						CreatedOnToolsVersion = 14.3.1;
						TestTargetID = 6373ACDE2A5C4530006162F7;
					};
				};
			};
			buildConfigurationList = 6373ACDA2A5C4530006162F7 /* Build configuration list for PBXProject "Soporte-GitHub-HelloWord-ancabdia" */;
			compatibilityVersion = "Xcode 14.0";
			developmentRegion = en;
			hasScannedForEncodings = 0;
			knownRegions = (
				en,
				Base,
			);
			mainGroup = 6373ACD62A5C4530006162F7;
			productRefGroup = 6373ACE02A5C4530006162F7 /* Products */;
			projectDirPath = "";
			projectRoot = "";
			targets = (
				6373ACDE2A5C4530006162F7 /* Soporte-GitHub-HelloWord-ancabdia */,
				6373ACF42A5C4532006162F7 /* Soporte-GitHub-HelloWord-ancabdiaTests */,
				6373ACFE2A5C4532006162F7 /* Soporte-GitHub-HelloWord-ancabdiaUITests */,
			);
		};
/* End PBXProject section */

/* Begin PBXResourcesBuildPhase section */
		6373ACDD2A5C4530006162F7 /* Resources */ = {
			isa = PBXResourcesBuildPhase;
			buildActionMask = 2147483647;
			files = (
				6373ACEF2A5C4531006162F7 /* LaunchScreen.storyboard in Resources */,
				6373ACEC2A5C4531006162F7 /* Assets.xcassets in Resources */,
				6373ACEA2A5C4530006162F7 /* Main.storyboard in Resources */,
			);
			runOnlyForDeploymentPostprocessing = 0;
		};
		6373ACF32A5C4532006162F7 /* Resources */ = {
			isa = PBXResourcesBuildPhase;
			buildActionMask = 2147483647;
			files = (
			);
			runOnlyForDeploymentPostprocessing = 0;
		};
		6373ACFD2A5C4532006162F7 /* Resources */ = {
			isa = PBXResourcesBuildPhase;
			buildActionMask = 2147483647;
			files = (
			);
			runOnlyForDeploymentPostprocessing = 0;
		};
/* End PBXResourcesBuildPhase section */

/* Begin PBXSourcesBuildPhase section */
		6373ACDB2A5C4530006162F7 /* Sources */ = {
			isa = PBXSourcesBuildPhase;
			buildActionMask = 2147483647;
			files = (
				6373ACE72A5C4530006162F7 /* ViewController.swift in Sources */,
				6373ACE32A5C4530006162F7 /* AppDelegate.swift in Sources */,
				6373ACE52A5C4530006162F7 /* SceneDelegate.swift in Sources */,
			);
			runOnlyForDeploymentPostprocessing = 0;
		};
		6373ACF12A5C4532006162F7 /* Sources */ = {
			isa = PBXSourcesBuildPhase;
			buildActionMask = 2147483647;
			files = (
				6373ACFA2A5C4532006162F7 /* Soporte_GitHub_HelloWord_ancabdiaTests.swift in Sources */,
			);
			runOnlyForDeploymentPostprocessing = 0;
		};
		6373ACFB2A5C4532006162F7 /* Sources */ = {
			isa = PBXSourcesBuildPhase;
			buildActionMask = 2147483647;
			files = (
				6373AD062A5C4532006162F7 /* Soporte_GitHub_HelloWord_ancabdiaUITestsLaunchTests.swift in Sources */,
				6373AD042A5C4532006162F7 /* Soporte_GitHub_HelloWord_ancabdiaUITests.swift in Sources */,
			);
			runOnlyForDeploymentPostprocessing = 0;
		};
/* End PBXSourcesBuildPhase section */

/* Begin PBXTargetDependency section */
		6373ACF72A5C4532006162F7 /* PBXTargetDependency */ = {
			isa = PBXTargetDependency;
			target = 6373ACDE2A5C4530006162F7 /* Soporte-GitHub-HelloWord-ancabdia */;
			targetProxy = 6373ACF62A5C4532006162F7 /* PBXContainerItemProxy */;
		};
		6373AD012A5C4532006162F7 /* PBXTargetDependency */ = {
			isa = PBXTargetDependency;
			target = 6373ACDE2A5C4530006162F7 /* Soporte-GitHub-HelloWord-ancabdia */;
			targetProxy = 6373AD002A5C4532006162F7 /* PBXContainerItemProxy */;
		};
/* End PBXTargetDependency section */

/* Begin PBXVariantGroup section */
		6373ACE82A5C4530006162F7 /* Main.storyboard */ = {
			isa = PBXVariantGroup;
			children = (
				6373ACE92A5C4530006162F7 /* Base */,
			);
			name = Main.storyboard;
			sourceTree = "<group>";
		};
		6373ACED2A5C4531006162F7 /* LaunchScreen.storyboard */ = {
			isa = PBXVariantGroup;
			children = (
				6373ACEE2A5C4531006162F7 /* Base */,
			);
			name = LaunchScreen.storyboard;
			sourceTree = "<group>";
		};
/* End PBXVariantGroup section */

/* Begin XCBuildConfiguration section */
		6373AD072A5C4532006162F7 /* Debug */ = {
			isa = XCBuildConfiguration;
			buildSettings = {
				ALWAYS_SEARCH_USER_PATHS = NO;
				CLANG_ANALYZER_NONNULL = YES;
				CLANG_ANALYZER_NUMBER_OBJECT_CONVERSION = YES_AGGRESSIVE;
				CLANG_CXX_LANGUAGE_STANDARD = "gnu++20";
				CLANG_ENABLE_MODULES = YES;
				CLANG_ENABLE_OBJC_ARC = YES;
				CLANG_ENABLE_OBJC_WEAK = YES;
				CLANG_WARN_BLOCK_CAPTURE_AUTORELEASING = YES;
				CLANG_WARN_BOOL_CONVERSION = YES;
				CLANG_WARN_COMMA = YES;
				CLANG_WARN_CONSTANT_CONVERSION = YES;
				CLANG_WARN_DEPRECATED_OBJC_IMPLEMENTATIONS = YES;
				CLANG_WARN_DIRECT_OBJC_ISA_USAGE = YES_ERROR;
				CLANG_WARN_DOCUMENTATION_COMMENTS = YES;
				CLANG_WARN_EMPTY_BODY = YES;
				CLANG_WARN_ENUM_CONVERSION = YES;
				CLANG_WARN_INFINITE_RECURSION = YES;
				CLANG_WARN_INT_CONVERSION = YES;
				CLANG_WARN_NON_LITERAL_NULL_CONVERSION = YES;
				CLANG_WARN_OBJC_IMPLICIT_RETAIN_SELF = YES;
				CLANG_WARN_OBJC_LITERAL_CONVERSION = YES;
				CLANG_WARN_OBJC_ROOT_CLASS = YES_ERROR;
				CLANG_WARN_QUOTED_INCLUDE_IN_FRAMEWORK_HEADER = YES;
				CLANG_WARN_RANGE_LOOP_ANALYSIS = YES;
				CLANG_WARN_STRICT_PROTOTYPES = YES;
				CLANG_WARN_SUSPICIOUS_MOVE = YES;
				CLANG_WARN_UNGUARDED_AVAILABILITY = YES_AGGRESSIVE;
				CLANG_WARN_UNREACHABLE_CODE = YES;
				CLANG_WARN__DUPLICATE_METHOD_MATCH = YES;
				COPY_PHASE_STRIP = NO;
				DEBUG_INFORMATION_FORMAT = dwarf;
				ENABLE_STRICT_OBJC_MSGSEND = YES;
				ENABLE_TESTABILITY = YES;
				GCC_C_LANGUAGE_STANDARD = gnu11;
				GCC_DYNAMIC_NO_PIC = NO;
				GCC_NO_COMMON_BLOCKS = YES;
				GCC_OPTIMIZATION_LEVEL = 0;
				GCC_PREPROCESSOR_DEFINITIONS = (
					"DEBUG=1",
					"$(inherited)",
				);
				GCC_WARN_64_TO_32_BIT_CONVERSION = YES;
				GCC_WARN_ABOUT_RETURN_TYPE = YES_ERROR;
				GCC_WARN_UNDECLARED_SELECTOR = YES;
				GCC_WARN_UNINITIALIZED_AUTOS = YES_AGGRESSIVE;
				GCC_WARN_UNUSED_FUNCTION = YES;
				GCC_WARN_UNUSED_VARIABLE = YES;
				IPHONEOS_DEPLOYMENT_TARGET = 16.4;
				MTL_ENABLE_DEBUG_INFO = INCLUDE_SOURCE;
				MTL_FAST_MATH = YES;
				ONLY_ACTIVE_ARCH = YES;
				SDKROOT = iphoneos;
				SWIFT_ACTIVE_COMPILATION_CONDITIONS = DEBUG;
				SWIFT_OPTIMIZATION_LEVEL = "-Onone";
			};
			name = Debug;
		};
		6373AD082A5C4532006162F7 /* Release */ = {
			isa = XCBuildConfiguration;
			buildSettings = {
				ALWAYS_SEARCH_USER_PATHS = NO;
				CLANG_ANALYZER_NONNULL = YES;
				CLANG_ANALYZER_NUMBER_OBJECT_CONVERSION = YES_AGGRESSIVE;
				CLANG_CXX_LANGUAGE_STANDARD = "gnu++20";
				CLANG_ENABLE_MODULES = YES;
				CLANG_ENABLE_OBJC_ARC = YES;
				CLANG_ENABLE_OBJC_WEAK = YES;
				CLANG_WARN_BLOCK_CAPTURE_AUTORELEASING = YES;
				CLANG_WARN_BOOL_CONVERSION = YES;
				CLANG_WARN_COMMA = YES;
				CLANG_WARN_CONSTANT_CONVERSION = YES;
				CLANG_WARN_DEPRECATED_OBJC_IMPLEMENTATIONS = YES;
				CLANG_WARN_DIRECT_OBJC_ISA_USAGE = YES_ERROR;
				CLANG_WARN_DOCUMENTATION_COMMENTS = YES;
				CLANG_WARN_EMPTY_BODY = YES;
				CLANG_WARN_ENUM_CONVERSION = YES;
				CLANG_WARN_INFINITE_RECURSION = YES;
				CLANG_WARN_INT_CONVERSION = YES;
				CLANG_WARN_NON_LITERAL_NULL_CONVERSION = YES;
				CLANG_WARN_OBJC_IMPLICIT_RETAIN_SELF = YES;
				CLANG_WARN_OBJC_LITERAL_CONVERSION = YES;
				CLANG_WARN_OBJC_ROOT_CLASS = YES_ERROR;
				CLANG_WARN_QUOTED_INCLUDE_IN_FRAMEWORK_HEADER = YES;
				CLANG_WARN_RANGE_LOOP_ANALYSIS = YES;
				CLANG_WARN_STRICT_PROTOTYPES = YES;
				CLANG_WARN_SUSPICIOUS_MOVE = YES;
				CLANG_WARN_UNGUARDED_AVAILABILITY = YES_AGGRESSIVE;
				CLANG_WARN_UNREACHABLE_CODE = YES;
				CLANG_WARN__DUPLICATE_METHOD_MATCH = YES;
				COPY_PHASE_STRIP = NO;
				DEBUG_INFORMATION_FORMAT = "dwarf-with-dsym";
				ENABLE_NS_ASSERTIONS = NO;
				ENABLE_STRICT_OBJC_MSGSEND = YES;
				GCC_C_LANGUAGE_STANDARD = gnu11;
				GCC_NO_COMMON_BLOCKS = YES;
				GCC_WARN_64_TO_32_BIT_CONVERSION = YES;
				GCC_WARN_ABOUT_RETURN_TYPE = YES_ERROR;
				GCC_WARN_UNDECLARED_SELECTOR = YES;
				GCC_WARN_UNINITIALIZED_AUTOS = YES_AGGRESSIVE;
				GCC_WARN_UNUSED_FUNCTION = YES;
				GCC_WARN_UNUSED_VARIABLE = YES;
				IPHONEOS_DEPLOYMENT_TARGET = 16.4;
				MTL_ENABLE_DEBUG_INFO = NO;
				MTL_FAST_MATH = YES;
				SDKROOT = iphoneos;
				SWIFT_COMPILATION_MODE = wholemodule;
				SWIFT_OPTIMIZATION_LEVEL = "-O";
				VALIDATE_PRODUCT = YES;
			};
			name = Release;
		};
		6373AD0A2A5C4532006162F7 /* Debug */ = {
			isa = XCBuildConfiguration;
			buildSettings = {
				ASSETCATALOG_COMPILER_APPICON_NAME = AppIcon;
				ASSETCATALOG_COMPILER_GLOBAL_ACCENT_COLOR_NAME = AccentColor;
				CODE_SIGN_STYLE = Automatic;
				CURRENT_PROJECT_VERSION = 1;
				DEVELOPMENT_TEAM = 44GU75538Y;
				GENERATE_INFOPLIST_FILE = YES;
				INFOPLIST_FILE = "Soporte-GitHub-HelloWord-ancabdia/Info.plist";
				INFOPLIST_KEY_UIApplicationSupportsIndirectInputEvents = YES;
				INFOPLIST_KEY_UILaunchStoryboardName = LaunchScreen;
				INFOPLIST_KEY_UIMainStoryboardFile = Main;
				INFOPLIST_KEY_UISupportedInterfaceOrientations_iPad = "UIInterfaceOrientationPortrait UIInterfaceOrientationPortraitUpsideDown UIInterfaceOrientationLandscapeLeft UIInterfaceOrientationLandscapeRight";
				INFOPLIST_KEY_UISupportedInterfaceOrientations_iPhone = "UIInterfaceOrientationPortrait UIInterfaceOrientationLandscapeLeft UIInterfaceOrientationLandscapeRight";
				LD_RUNPATH_SEARCH_PATHS = (
					"$(inherited)",
					"@executable_path/Frameworks",
				);
				MARKETING_VERSION = 1.0;
				PRODUCT_BUNDLE_IDENTIFIER = "com.ancabdia.Soporte-GitHub-HelloWord-ancabdia";
				PRODUCT_NAME = "$(TARGET_NAME)";
				SWIFT_EMIT_LOC_STRINGS = YES;
				SWIFT_VERSION = 5.0;
				TARGETED_DEVICE_FAMILY = "1,2";
			};
			name = Debug;
		};
		6373AD0B2A5C4532006162F7 /* Release */ = {
			isa = XCBuildConfiguration;
			buildSettings = {
				ASSETCATALOG_COMPILER_APPICON_NAME = AppIcon;
				ASSETCATALOG_COMPILER_GLOBAL_ACCENT_COLOR_NAME = AccentColor;
				CODE_SIGN_STYLE = Automatic;
				CURRENT_PROJECT_VERSION = 1;
				DEVELOPMENT_TEAM = 44GU75538Y;
				GENERATE_INFOPLIST_FILE = YES;
				INFOPLIST_FILE = "Soporte-GitHub-HelloWord-ancabdia/Info.plist";
				INFOPLIST_KEY_UIApplicationSupportsIndirectInputEvents = YES;
				INFOPLIST_KEY_UILaunchStoryboardName = LaunchScreen;
				INFOPLIST_KEY_UIMainStoryboardFile = Main;
				INFOPLIST_KEY_UISupportedInterfaceOrientations_iPad = "UIInterfaceOrientationPortrait UIInterfaceOrientationPortraitUpsideDown UIInterfaceOrientationLandscapeLeft UIInterfaceOrientationLandscapeRight";
				INFOPLIST_KEY_UISupportedInterfaceOrientations_iPhone = "UIInterfaceOrientationPortrait UIInterfaceOrientationLandscapeLeft UIInterfaceOrientationLandscapeRight";
				LD_RUNPATH_SEARCH_PATHS = (
					"$(inherited)",
					"@executable_path/Frameworks",
				);
				MARKETING_VERSION = 1.0;
				PRODUCT_BUNDLE_IDENTIFIER = "com.ancabdia.Soporte-GitHub-HelloWord-ancabdia";
				PRODUCT_NAME = "$(TARGET_NAME)";
				SWIFT_EMIT_LOC_STRINGS = YES;
				SWIFT_VERSION = 5.0;
				TARGETED_DEVICE_FAMILY = "1,2";
			};
			name = Release;
		};
		6373AD0D2A5C4532006162F7 /* Debug */ = {
			isa = XCBuildConfiguration;
			buildSettings = {
				ALWAYS_EMBED_SWIFT_STANDARD_LIBRARIES = YES;
				BUNDLE_LOADER = "$(TEST_HOST)";
				CODE_SIGN_STYLE = Automatic;
				CURRENT_PROJECT_VERSION = 1;
				DEVELOPMENT_TEAM = 44GU75538Y;
				GENERATE_INFOPLIST_FILE = YES;
				IPHONEOS_DEPLOYMENT_TARGET = 16.4;
				MARKETING_VERSION = 1.0;
				PRODUCT_BUNDLE_IDENTIFIER = "com.ancabdia.Soporte-GitHub-HelloWord-ancabdiaTests";
				PRODUCT_NAME = "$(TARGET_NAME)";
				SWIFT_EMIT_LOC_STRINGS = NO;
				SWIFT_VERSION = 5.0;
				TARGETED_DEVICE_FAMILY = "1,2";
				TEST_HOST = "$(BUILT_PRODUCTS_DIR)/Soporte-GitHub-HelloWord-ancabdia.app/$(BUNDLE_EXECUTABLE_FOLDER_PATH)/Soporte-GitHub-HelloWord-ancabdia";
			};
			name = Debug;
		};
		6373AD0E2A5C4532006162F7 /* Release */ = {
			isa = XCBuildConfiguration;
			buildSettings = {
				ALWAYS_EMBED_SWIFT_STANDARD_LIBRARIES = YES;
				BUNDLE_LOADER = "$(TEST_HOST)";
				CODE_SIGN_STYLE = Automatic;
				CURRENT_PROJECT_VERSION = 1;
				DEVELOPMENT_TEAM = 44GU75538Y;
				GENERATE_INFOPLIST_FILE = YES;
				IPHONEOS_DEPLOYMENT_TARGET = 16.4;
				MARKETING_VERSION = 1.0;
				PRODUCT_BUNDLE_IDENTIFIER = "com.ancabdia.Soporte-GitHub-HelloWord-ancabdiaTests";
				PRODUCT_NAME = "$(TARGET_NAME)";
				SWIFT_EMIT_LOC_STRINGS = NO;
				SWIFT_VERSION = 5.0;
				TARGETED_DEVICE_FAMILY = "1,2";
				TEST_HOST = "$(BUILT_PRODUCTS_DIR)/Soporte-GitHub-HelloWord-ancabdia.app/$(BUNDLE_EXECUTABLE_FOLDER_PATH)/Soporte-GitHub-HelloWord-ancabdia";
			};
			name = Release;
		};
		6373AD102A5C4532006162F7 /* Debug */ = {
			isa = XCBuildConfiguration;
			buildSettings = {
				ALWAYS_EMBED_SWIFT_STANDARD_LIBRARIES = YES;
				CODE_SIGN_STYLE = Automatic;
				CURRENT_PROJECT_VERSION = 1;
				DEVELOPMENT_TEAM = 44GU75538Y;
				GENERATE_INFOPLIST_FILE = YES;
				MARKETING_VERSION = 1.0;
				PRODUCT_BUNDLE_IDENTIFIER = "com.ancabdia.Soporte-GitHub-HelloWord-ancabdiaUITests";
				PRODUCT_NAME = "$(TARGET_NAME)";
				SWIFT_EMIT_LOC_STRINGS = NO;
				SWIFT_VERSION = 5.0;
				TARGETED_DEVICE_FAMILY = "1,2";
				TEST_TARGET_NAME = "Soporte-GitHub-HelloWord-ancabdia";
			};
			name = Debug;
		};
		6373AD112A5C4532006162F7 /* Release */ = {
			isa = XCBuildConfiguration;
			buildSettings = {
				ALWAYS_EMBED_SWIFT_STANDARD_LIBRARIES = YES;
				CODE_SIGN_STYLE = Automatic;
				CURRENT_PROJECT_VERSION = 1;
				DEVELOPMENT_TEAM = 44GU75538Y;
				GENERATE_INFOPLIST_FILE = YES;
				MARKETING_VERSION = 1.0;
				PRODUCT_BUNDLE_IDENTIFIER = "com.ancabdia.Soporte-GitHub-HelloWord-ancabdiaUITests";
				PRODUCT_NAME = "$(TARGET_NAME)";
				SWIFT_EMIT_LOC_STRINGS = NO;
				SWIFT_VERSION = 5.0;
				TARGETED_DEVICE_FAMILY = "1,2";
				TEST_TARGET_NAME = "Soporte-GitHub-HelloWord-ancabdia";
			};
			name = Release;
		};
/* End XCBuildConfiguration section */

/* Begin XCConfigurationList section */
		6373ACDA2A5C4530006162F7 /* Build configuration list for PBXProject "Soporte-GitHub-HelloWord-ancabdia" */ = {
			isa = XCConfigurationList;
			buildConfigurations = (
				6373AD072A5C4532006162F7 /* Debug */,
				6373AD082A5C4532006162F7 /* Release */,
			);
			defaultConfigurationIsVisible = 0;
			defaultConfigurationName = Release;
		};
		6373AD092A5C4532006162F7 /* Build configuration list for PBXNativeTarget "Soporte-GitHub-HelloWord-ancabdia" */ = {
			isa = XCConfigurationList;
			buildConfigurations = (
				6373AD0A2A5C4532006162F7 /* Debug */,
				6373AD0B2A5C4532006162F7 /* Release */,
			);
			defaultConfigurationIsVisible = 0;
			defaultConfigurationName = Release;
		};
		6373AD0C2A5C4532006162F7 /* Build configuration list for PBXNativeTarget "Soporte-GitHub-HelloWord-ancabdiaTests" */ = {
			isa = XCConfigurationList;
			buildConfigurations = (
				6373AD0D2A5C4532006162F7 /* Debug */,
				6373AD0E2A5C4532006162F7 /* Release */,
			);
			defaultConfigurationIsVisible = 0;
			defaultConfigurationName = Release;
		};
		6373AD0F2A5C4532006162F7 /* Build configuration list for PBXNativeTarget "Soporte-GitHub-HelloWord-ancabdiaUITests" */ = {
			isa = XCConfigurationList;
			buildConfigurations = (
				6373AD102A5C4532006162F7 /* Debug */,
				6373AD112A5C4532006162F7 /* Release */,
			);
			defaultConfigurationIsVisible = 0;
			defaultConfigurationName = Release;
		};
/* End XCConfigurationList section */
	};
	rootObject = 6373ACD72A5C4530006162F7 /* Project object */;
}
